// !$*UTF8*$!
{
	archiveVersion = 1;
	classes = {
	};
	objectVersion = 46;
	objects = {

/* Begin PBXBuildFile section */
		74ABAF0C1ED6A78500E10CDD /* AppDelegate.swift in Sources */ = {isa = PBXBuildFile; fileRef = 74ABAF0B1ED6A78500E10CDD /* AppDelegate.swift */; };
		74ABAF0E1ED6A78500E10CDD /* ViewController.swift in Sources */ = {isa = PBXBuildFile; fileRef = 74ABAF0D1ED6A78500E10CDD /* ViewController.swift */; };
		74ABAF111ED6A78500E10CDD /* Main.storyboard in Resources */ = {isa = PBXBuildFile; fileRef = 74ABAF0F1ED6A78500E10CDD /* Main.storyboard */; };
		74ABAF131ED6A78500E10CDD /* Assets.xcassets in Resources */ = {isa = PBXBuildFile; fileRef = 74ABAF121ED6A78500E10CDD /* Assets.xcassets */; };
		74ABAF161ED6A78500E10CDD /* LaunchScreen.storyboard in Resources */ = {isa = PBXBuildFile; fileRef = 74ABAF141ED6A78500E10CDD /* LaunchScreen.storyboard */; };
/* End PBXBuildFile section */

/* Begin PBXFileReference section */
		74ABAF081ED6A78500E10CDD /* TestAnyThing.app */ = {isa = PBXFileReference; explicitFileType = wrapper.application; includeInIndex = 0; path = TestAnyThing.app; sourceTree = BUILT_PRODUCTS_DIR; };
		74ABAF0B1ED6A78500E10CDD /* AppDelegate.swift */ = {isa = PBXFileReference; lastKnownFileType = sourcecode.swift; path = AppDelegate.swift; sourceTree = "<group>"; };
		74ABAF0D1ED6A78500E10CDD /* ViewController.swift */ = {isa = PBXFileReference; lastKnownFileType = sourcecode.swift; path = ViewController.swift; sourceTree = "<group>"; };
		74ABAF101ED6A78500E10CDD /* Base */ = {isa = PBXFileReference; lastKnownFileType = file.storyboard; name = Base; path = Base.lproj/Main.storyboard; sourceTree = "<group>"; };
		74ABAF121ED6A78500E10CDD /* Assets.xcassets */ = {isa = PBXFileReference; lastKnownFileType = folder.assetcatalog; path = Assets.xcassets; sourceTree = "<group>"; };
		74ABAF151ED6A78500E10CDD /* Base */ = {isa = PBXFileReference; lastKnownFileType = file.storyboard; name = Base; path = Base.lproj/LaunchScreen.storyboard; sourceTree = "<group>"; };
		74ABAF171ED6A78500E10CDD /* Info.plist */ = {isa = PBXFileReference; lastKnownFileType = text.plist.xml; path = Info.plist; sourceTree = "<group>"; };
/* End PBXFileReference section */

/* Begin PBXFrameworksBuildPhase section */
		74ABAF051ED6A78500E10CDD /* Frameworks */ = {
			isa = PBXFrameworksBuildPhase;
			buildActionMask = 2147483647;
			files = (
			);
			runOnlyForDeploymentPostprocessing = 0;
		};
/* End PBXFrameworksBuildPhase section */

/* Begin PBXGroup section */
		74ABAEFF1ED6A78500E10CDD = {
			isa = PBXGroup;
			children = (
				74ABAF0A1ED6A78500E10CDD /* TestAnyThing */,
				74ABAF091ED6A78500E10CDD /* Products */,
			);
			sourceTree = "<group>";
		};
		74ABAF091ED6A78500E10CDD /* Products */ = {
			isa = PBXGroup;
			children = (
				74ABAF081ED6A78500E10CDD /* TestAnyThing.app */,
			);
			name = Products;
			sourceTree = "<group>";
		};
		74ABAF0A1ED6A78500E10CDD /* TestAnyThing */ = {
			isa = PBXGroup;
			children = (
				74ABAF0B1ED6A78500E10CDD /* AppDelegate.swift */,
				74ABAF0D1ED6A78500E10CDD /* ViewController.swift */,
				74ABAF0F1ED6A78500E10CDD /* Main.storyboard */,
				74ABAF121ED6A78500E10CDD /* Assets.xcassets */,
				74ABAF141ED6A78500E10CDD /* LaunchScreen.storyboard */,
				74ABAF171ED6A78500E10CDD /* Info.plist */,
			);
			path = TestAnyThing;
			sourceTree = "<group>";
		};
/* End PBXGroup section */

/* Begin PBXNativeTarget section */
		74ABAF071ED6A78500E10CDD /* TestAnyThing */ = {
			isa = PBXNativeTarget;
			buildConfigurationList = 74ABAF1A1ED6A78500E10CDD /* Build configuration list for PBXNativeTarget "TestAnyThing" */;
			buildPhases = (
				74ABAF041ED6A78500E10CDD /* Sources */,
				74ABAF051ED6A78500E10CDD /* Frameworks */,
				74ABAF061ED6A78500E10CDD /* Resources */,
			);
			buildRules = (
			);
			dependencies = (
			);
			name = TestAnyThing;
			productName = TestAnyThing;
			productReference = 74ABAF081ED6A78500E10CDD /* TestAnyThing.app */;
			productType = "com.apple.product-type.application";
		};
/* End PBXNativeTarget section */

/* Begin PBXProject section */
		74ABAF001ED6A78500E10CDD /* Project object */ = {
			isa = PBXProject;
			attributes = {
				LastSwiftUpdateCheck = 0830;
				LastUpgradeCheck = 0830;
				ORGANIZATIONNAME = adamwang;
				TargetAttributes = {
					74ABAF071ED6A78500E10CDD = {
						CreatedOnToolsVersion = 8.3.2;
						DevelopmentTeam = 6X77L72T5T;
						ProvisioningStyle = Automatic;
					};
				};
			};
			buildConfigurationList = 74ABAF031ED6A78500E10CDD /* Build configuration list for PBXProject "TestAnyThing" */;
			compatibilityVersion = "Xcode 3.2";
			developmentRegion = English;
			hasScannedForEncodings = 0;
			knownRegions = (
				en,
				Base,
			);
			mainGroup = 74ABAEFF1ED6A78500E10CDD;
			productRefGroup = 74ABAF091ED6A78500E10CDD /* Products */;
			projectDirPath = "";
			projectRoot = "";
			targets = (
				74ABAF071ED6A78500E10CDD /* TestAnyThing */,
			);
		};
/* End PBXProject section */

/* Begin PBXResourcesBuildPhase section */
		74ABAF061ED6A78500E10CDD /* Resources */ = {
			isa = PBXResourcesBuildPhase;
			buildActionMask = 2147483647;
			files = (
				74ABAF161ED6A78500E10CDD /* LaunchScreen.storyboard in Resources */,
				74ABAF131ED6A78500E10CDD /* Assets.xcassets in Resources */,
				74ABAF111ED6A78500E10CDD /* Main.storyboard in Resources */,
			);
			runOnlyForDeploymentPostprocessing = 0;
		};
/* End PBXResourcesBuildPhase section */

/* Begin PBXSourcesBuildPhase section */
		74ABAF041ED6A78500E10CDD /* Sources */ = {
			isa = PBXSourcesBuildPhase;
			buildActionMask = 2147483647;
			files = (
				74ABAF0E1ED6A78500E10CDD /* ViewController.swift in Sources */,
				74ABAF0C1ED6A78500E10CDD /* AppDelegate.swift in Sources */,
			);
			runOnlyForDeploymentPostprocessing = 0;
		};
/* End PBXSourcesBuildPhase section */

/* Begin PBXVariantGroup section */
		74ABAF0F1ED6A78500E10CDD /* Main.storyboard */ = {
			isa = PBXVariantGroup;
			children = (
				74ABAF101ED6A78500E10CDD /* Base */,
			);
			name = Main.storyboard;
			sourceTree = "<group>";
		};
		74ABAF141ED6A78500E10CDD /* LaunchScreen.storyboard */ = {
			isa = PBXVariantGroup;
			children = (
				74ABAF151ED6A78500E10CDD /* Base */,
			);
			name = LaunchScreen.storyboard;
			sourceTree = "<group>";
		};
/* End PBXVariantGroup section */

/* Begin XCBuildConfiguration section */
		74ABAF181ED6A78500E10CDD /* Debug */ = {
			isa = XCBuildConfiguration;
			buildSettings = {
				ALWAYS_SEARCH_USER_PATHS = NO;
				CLANG_ANALYZER_NONNULL = YES;
				CLANG_ANALYZER_NUMBER_OBJECT_CONVERSION = YES_AGGRESSIVE;
				CLANG_CXX_LANGUAGE_STANDARD = "gnu++0x";
				CLANG_CXX_LIBRARY = "libc++";
				CLANG_ENABLE_MODULES = YES;
				CLANG_ENABLE_OBJC_ARC = YES;
				CLANG_WARN_BOOL_CONVERSION = YES;
				CLANG_WARN_CONSTANT_CONVERSION = YES;
				CLANG_WARN_DIRECT_OBJC_ISA_USAGE = YES_ERROR;
				CLANG_WARN_DOCUMENTATION_COMMENTS = YES;
				CLANG_WARN_EMPTY_BODY = YES;
				CLANG_WARN_ENUM_CONVERSION = YES;
				CLANG_WARN_INFINITE_RECURSION = YES;
				CLANG_WARN_INT_CONVERSION = YES;
				CLANG_WARN_OBJC_ROOT_CLASS = YES_ERROR;
				CLANG_WARN_SUSPICIOUS_MOVE = YES;
				CLANG_WARN_UNREACHABLE_CODE = YES;
				CLANG_WARN__DUPLICATE_METHOD_MATCH = YES;
				"CODE_SIGN_IDENTITY[sdk=iphoneos*]" = "iPhone Developer";
				COPY_PHASE_STRIP = NO;
				DEBUG_INFORMATION_FORMAT = dwarf;
				ENABLE_STRICT_OBJC_MSGSEND = YES;
				ENABLE_TESTABILITY = YES;
				GCC_C_LANGUAGE_STANDARD = gnu99;
				GCC_DYNAMIC_NO_PIC = NO;
				GCC_NO_COMMON_BLOCKS = YES;
				GCC_OPTIMIZATION_LEVEL = 0;
				GCC_PREPROCESSOR_DEFINITIONS = (
					"DEBUG=1",
					"$(inherited)",
				);
				GCC_WARN_64_TO_32_BIT_CONVERSION = YES;
				GCC_WARN_ABOUT_RETURN_TYPE = YES_ERROR;
				GCC_WARN_UNDECLARED_SELECTOR = YES;
				GCC_WARN_UNINITIALIZED_AUTOS = YES_AGGRESSIVE;
				GCC_WARN_UNUSED_FUNCTION = YES;
				GCC_WARN_UNUSED_VARIABLE = YES;
				IPHONEOS_DEPLOYMENT_TARGET = 10.3;
				MTL_ENABLE_DEBUG_INFO = YES;
				ONLY_ACTIVE_ARCH = YES;
				SDKROOT = iphoneos;
				SWIFT_ACTIVE_COMPILATION_CONDITIONS = DEBUG;
				SWIFT_OPTIMIZATION_LEVEL = "-Onone";
				TARGETED_DEVICE_FAMILY = "1,2";
			};
			name = Debug;
		};
		74ABAF191ED6A78500E10CDD /* Release */ = {
			isa = XCBuildConfiguration;
			buildSettings = {
				ALWAYS_SEARCH_USER_PATHS = NO;
				CLANG_ANALYZER_NONNULL = YES;
				CLANG_ANALYZER_NUMBER_OBJECT_CONVERSION = YES_AGGRESSIVE;
				CLANG_CXX_LANGUAGE_STANDARD = "gnu++0x";
				CLANG_CXX_LIBRARY = "libc++";
				CLANG_ENABLE_MODULES = YES;
				CLANG_ENABLE_OBJC_ARC = YES;
				CLANG_WARN_BOOL_CONVERSION = YES;
				CLANG_WARN_CONSTANT_CONVERSION = YES;
				CLANG_WARN_DIRECT_OBJC_ISA_USAGE = YES_ERROR;
				CLANG_WARN_DOCUMENTATION_COMMENTS = YES;
				CLANG_WARN_EMPTY_BODY = YES;
				CLANG_WARN_ENUM_CONVERSION = YES;
				CLANG_WARN_INFINITE_RECURSION = YES;
				CLANG_WARN_INT_CONVERSION = YES;
				CLANG_WARN_OBJC_ROOT_CLASS = YES_ERROR;
				CLANG_WARN_SUSPICIOUS_MOVE = YES;
				CLANG_WARN_UNREACHABLE_CODE = YES;
				CLANG_WARN__DUPLICATE_METHOD_MATCH = YES;
				"CODE_SIGN_IDENTITY[sdk=iphoneos*]" = "iPhone Developer";
				COPY_PHASE_STRIP = NO;
				DEBUG_INFORMATION_FORMAT = "dwarf-with-dsym";
				ENABLE_NS_ASSERTIONS = NO;
				ENABLE_STRICT_OBJC_MSGSEND = YES;
				GCC_C_LANGUAGE_STANDARD = gnu99;
				GCC_NO_COMMON_BLOCKS = YES;
				GCC_WARN_64_TO_32_BIT_CONVERSION = YES;
				GCC_WARN_ABOUT_RETURN_TYPE = YES_ERROR;
				GCC_WARN_UNDECLARED_SELECTOR = YES;
				GCC_WARN_UNINITIALIZED_AUTOS = YES_AGGRESSIVE;
				GCC_WARN_UNUSED_FUNCTION = YES;
				GCC_WARN_UNUSED_VARIABLE = YES;
				IPHONEOS_DEPLOYMENT_TARGET = 10.3;
				MTL_ENABLE_DEBUG_INFO = NO;
				SDKROOT = iphoneos;
				SWIFT_OPTIMIZATION_LEVEL = "-Owholemodule";
				TARGETED_DEVICE_FAMILY = "1,2";
				VALIDATE_PRODUCT = YES;
			};
			name = Release;
		};
		74ABAF1B1ED6A78500E10CDD /* Debug */ = {
			isa = XCBuildConfiguration;
			buildSettings = {
				ASSETCATALOG_COMPILER_APPICON_NAME = AppIcon;
				DEVELOPMENT_TEAM = 6X77L72T5T;
				INFOPLIST_FILE = TestAnyThing/Info.plist;
				LD_RUNPATH_SEARCH_PATHS = "$(inherited) @executable_path/Frameworks";
				PRODUCT_BUNDLE_IDENTIFIER = adamwang.TestAnyThing;
				PRODUCT_NAME = "$(TARGET_NAME)";
				SWIFT_VERSION = 3.0;
			};
			name = Debug;
		};
		74ABAF1C1ED6A78500E10CDD /* Release */ = {
			isa = XCBuildConfiguration;
			buildSettings = {
				ASSETCATALOG_COMPILER_APPICON_NAME = AppIcon;
				DEVELOPMENT_TEAM = 6X77L72T5T;
				INFOPLIST_FILE = TestAnyThing/Info.plist;
				LD_RUNPATH_SEARCH_PATHS = "$(inherited) @executable_path/Frameworks";
				PRODUCT_BUNDLE_IDENTIFIER = adamwang.TestAnyThing;
				PRODUCT_NAME = "$(TARGET_NAME)";
				SWIFT_VERSION = 3.0;
			};
			name = Release;
		};
/* End XCBuildConfiguration section */

/* Begin XCConfigurationList section */
		74ABAF031ED6A78500E10CDD /* Build configuration list for PBXProject "TestAnyThing" */ = {
			isa = XCConfigurationList;
			buildConfigurations = (
				74ABAF181ED6A78500E10CDD /* Debug */,
				74ABAF191ED6A78500E10CDD /* Release */,
			);
			defaultConfigurationIsVisible = 0;
			defaultConfigurationName = Release;
		};
		74ABAF1A1ED6A78500E10CDD /* Build configuration list for PBXNativeTarget "TestAnyThing" */ = {
			isa = XCConfigurationList;
			buildConfigurations = (
				74ABAF1B1ED6A78500E10CDD /* Debug */,
				74ABAF1C1ED6A78500E10CDD /* Release */,
			);
			defaultConfigurationIsVisible = 0;
		};
/* End XCConfigurationList section */
	};
	rootObject = 74ABAF001ED6A78500E10CDD /* Project object */;
}
